// !$*UTF8*$!
{
	archiveVersion = 1;
	classes = {
	};
	objectVersion = 50;
	objects = {

/* Begin PBXBuildFile section */
		866D21082433ACD800DBB9A5 /* ComposedTableViewController.swift in Sources */ = {isa = PBXBuildFile; fileRef = 866D21062433ACD800DBB9A5 /* ComposedTableViewController.swift */; };
		866D21092433ACD800DBB9A5 /* ComposedTableViewController.xib in Resources */ = {isa = PBXBuildFile; fileRef = 866D21072433ACD800DBB9A5 /* ComposedTableViewController.xib */; };
		866D210F2433AFC800DBB9A5 /* CategoryTableViewCell.swift in Sources */ = {isa = PBXBuildFile; fileRef = 866D210D2433AFC800DBB9A5 /* CategoryTableViewCell.swift */; };
		866D21102433AFC800DBB9A5 /* CategoryTableViewCell.xib in Resources */ = {isa = PBXBuildFile; fileRef = 866D210E2433AFC800DBB9A5 /* CategoryTableViewCell.xib */; };
		866D21142433B13C00DBB9A5 /* CategoryTableViewComposableDataSource.swift in Sources */ = {isa = PBXBuildFile; fileRef = 866D21132433B13C00DBB9A5 /* CategoryTableViewComposableDataSource.swift */; };
		866D21172433B20A00DBB9A5 /* UITableView+Ex.swift in Sources */ = {isa = PBXBuildFile; fileRef = 866D21162433B20A00DBB9A5 /* UITableView+Ex.swift */; };
		866D211A2433BCC000DBB9A5 /* ProductTableViewCell.swift in Sources */ = {isa = PBXBuildFile; fileRef = 866D21182433BCC000DBB9A5 /* ProductTableViewCell.swift */; };
		866D211B2433BCC000DBB9A5 /* ProductTableViewCell.xib in Resources */ = {isa = PBXBuildFile; fileRef = 866D21192433BCC000DBB9A5 /* ProductTableViewCell.xib */; };
		866D211D2433BCDE00DBB9A5 /* Product.swift in Sources */ = {isa = PBXBuildFile; fileRef = 866D211C2433BCDE00DBB9A5 /* Product.swift */; };
		866D211F2433C03B00DBB9A5 /* ProductsTableViewComposableDataSource.swift in Sources */ = {isa = PBXBuildFile; fileRef = 866D211E2433C03B00DBB9A5 /* ProductsTableViewComposableDataSource.swift */; };
		8686C24D24326CA8005CF5C3 /* ComposableDataSource.swift in Sources */ = {isa = PBXBuildFile; fileRef = 8686C24C24326CA8005CF5C3 /* ComposableDataSource.swift */; };
		8686C24F24326D24005CF5C3 /* Decomposer.swift in Sources */ = {isa = PBXBuildFile; fileRef = 8686C24E24326D24005CF5C3 /* Decomposer.swift */; };
		8686C25124327861005CF5C3 /* ComposedTableViewDataSource.swift in Sources */ = {isa = PBXBuildFile; fileRef = 8686C25024327861005CF5C3 /* ComposedTableViewDataSource.swift */; };
		8686C25324328F18005CF5C3 /* ComposedTableViewDataSource+UITableViewDataSource.swift in Sources */ = {isa = PBXBuildFile; fileRef = 8686C25224328F18005CF5C3 /* ComposedTableViewDataSource+UITableViewDataSource.swift */; };
		868EA5A7244340D300ED3C87 /* ComposedTableViewDataSource+UITableViewDelegate.swift in Sources */ = {isa = PBXBuildFile; fileRef = 868EA5A6244340D300ED3C87 /* ComposedTableViewDataSource+UITableViewDelegate.swift */; };
		86B2B33E242A9DC400E91192 /* Composed.framework in Frameworks */ = {isa = PBXBuildFile; fileRef = 86B2B334242A9DC300E91192 /* Composed.framework */; };
		86B2B343242A9DC400E91192 /* ComposedTests.swift in Sources */ = {isa = PBXBuildFile; fileRef = 86B2B342242A9DC400E91192 /* ComposedTests.swift */; };
		86B2B345242A9DC400E91192 /* Composed.h in Headers */ = {isa = PBXBuildFile; fileRef = 86B2B337242A9DC300E91192 /* Composed.h */; settings = {ATTRIBUTES = (Public, ); }; };
		86B2B355242A9E3200E91192 /* AppDelegate.swift in Sources */ = {isa = PBXBuildFile; fileRef = 86B2B354242A9E3200E91192 /* AppDelegate.swift */; };
		86B2B357242A9E3200E91192 /* SceneDelegate.swift in Sources */ = {isa = PBXBuildFile; fileRef = 86B2B356242A9E3200E91192 /* SceneDelegate.swift */; };
		86B2B35E242A9E3400E91192 /* Assets.xcassets in Resources */ = {isa = PBXBuildFile; fileRef = 86B2B35D242A9E3400E91192 /* Assets.xcassets */; };
		86B2B361242A9E3400E91192 /* LaunchScreen.storyboard in Resources */ = {isa = PBXBuildFile; fileRef = 86B2B35F242A9E3400E91192 /* LaunchScreen.storyboard */; };
		86B2B36E242AA10700E91192 /* ComposedCollectionViewDataSource.swift in Sources */ = {isa = PBXBuildFile; fileRef = 86B2B36D242AA10700E91192 /* ComposedCollectionViewDataSource.swift */; };
		86B2B370242AA12900E91192 /* ComposableCollectionViewDataSource.swift in Sources */ = {isa = PBXBuildFile; fileRef = 86B2B36F242AA12900E91192 /* ComposableCollectionViewDataSource.swift */; };
/* End PBXBuildFile section */

/* Begin PBXContainerItemProxy section */
		86B2B33F242A9DC400E91192 /* PBXContainerItemProxy */ = {
			isa = PBXContainerItemProxy;
			containerPortal = 86B2B32B242A9DC300E91192 /* Project object */;
			proxyType = 1;
			remoteGlobalIDString = 86B2B333242A9DC300E91192;
			remoteInfo = Composed;
		};
/* End PBXContainerItemProxy section */

/* Begin PBXFileReference section */
		866D21062433ACD800DBB9A5 /* ComposedTableViewController.swift */ = {isa = PBXFileReference; lastKnownFileType = sourcecode.swift; path = ComposedTableViewController.swift; sourceTree = "<group>"; };
		866D21072433ACD800DBB9A5 /* ComposedTableViewController.xib */ = {isa = PBXFileReference; lastKnownFileType = file.xib; path = ComposedTableViewController.xib; sourceTree = "<group>"; };
		866D210D2433AFC800DBB9A5 /* CategoryTableViewCell.swift */ = {isa = PBXFileReference; lastKnownFileType = sourcecode.swift; path = CategoryTableViewCell.swift; sourceTree = "<group>"; };
		866D210E2433AFC800DBB9A5 /* CategoryTableViewCell.xib */ = {isa = PBXFileReference; lastKnownFileType = file.xib; path = CategoryTableViewCell.xib; sourceTree = "<group>"; };
		866D21132433B13C00DBB9A5 /* CategoryTableViewComposableDataSource.swift */ = {isa = PBXFileReference; lastKnownFileType = sourcecode.swift; path = CategoryTableViewComposableDataSource.swift; sourceTree = "<group>"; };
		866D21162433B20A00DBB9A5 /* UITableView+Ex.swift */ = {isa = PBXFileReference; lastKnownFileType = sourcecode.swift; path = "UITableView+Ex.swift"; sourceTree = "<group>"; };
		866D21182433BCC000DBB9A5 /* ProductTableViewCell.swift */ = {isa = PBXFileReference; lastKnownFileType = sourcecode.swift; path = ProductTableViewCell.swift; sourceTree = "<group>"; };
		866D21192433BCC000DBB9A5 /* ProductTableViewCell.xib */ = {isa = PBXFileReference; lastKnownFileType = file.xib; path = ProductTableViewCell.xib; sourceTree = "<group>"; };
		866D211C2433BCDE00DBB9A5 /* Product.swift */ = {isa = PBXFileReference; lastKnownFileType = sourcecode.swift; path = Product.swift; sourceTree = "<group>"; };
		866D211E2433C03B00DBB9A5 /* ProductsTableViewComposableDataSource.swift */ = {isa = PBXFileReference; lastKnownFileType = sourcecode.swift; path = ProductsTableViewComposableDataSource.swift; sourceTree = "<group>"; };
		8686C24C24326CA8005CF5C3 /* ComposableDataSource.swift */ = {isa = PBXFileReference; lastKnownFileType = sourcecode.swift; path = ComposableDataSource.swift; sourceTree = "<group>"; };
		8686C24E24326D24005CF5C3 /* Decomposer.swift */ = {isa = PBXFileReference; lastKnownFileType = sourcecode.swift; path = Decomposer.swift; sourceTree = "<group>"; };
		8686C25024327861005CF5C3 /* ComposedTableViewDataSource.swift */ = {isa = PBXFileReference; lastKnownFileType = sourcecode.swift; path = ComposedTableViewDataSource.swift; sourceTree = "<group>"; };
		8686C25224328F18005CF5C3 /* ComposedTableViewDataSource+UITableViewDataSource.swift */ = {isa = PBXFileReference; lastKnownFileType = sourcecode.swift; path = "ComposedTableViewDataSource+UITableViewDataSource.swift"; sourceTree = "<group>"; };
		868EA5A6244340D300ED3C87 /* ComposedTableViewDataSource+UITableViewDelegate.swift */ = {isa = PBXFileReference; lastKnownFileType = sourcecode.swift; path = "ComposedTableViewDataSource+UITableViewDelegate.swift"; sourceTree = "<group>"; };
		86B2B334242A9DC300E91192 /* Composed.framework */ = {isa = PBXFileReference; explicitFileType = wrapper.framework; includeInIndex = 0; path = Composed.framework; sourceTree = BUILT_PRODUCTS_DIR; };
		86B2B337242A9DC300E91192 /* Composed.h */ = {isa = PBXFileReference; lastKnownFileType = sourcecode.c.h; path = Composed.h; sourceTree = "<group>"; };
		86B2B338242A9DC300E91192 /* Info.plist */ = {isa = PBXFileReference; lastKnownFileType = text.plist.xml; path = Info.plist; sourceTree = "<group>"; };
		86B2B33D242A9DC400E91192 /* ComposedTests.xctest */ = {isa = PBXFileReference; explicitFileType = wrapper.cfbundle; includeInIndex = 0; path = ComposedTests.xctest; sourceTree = BUILT_PRODUCTS_DIR; };
		86B2B342242A9DC400E91192 /* ComposedTests.swift */ = {isa = PBXFileReference; lastKnownFileType = sourcecode.swift; path = ComposedTests.swift; sourceTree = "<group>"; };
		86B2B344242A9DC400E91192 /* Info.plist */ = {isa = PBXFileReference; lastKnownFileType = text.plist.xml; path = Info.plist; sourceTree = "<group>"; };
		86B2B352242A9E3200E91192 /* ComposedExample.app */ = {isa = PBXFileReference; explicitFileType = wrapper.application; includeInIndex = 0; path = ComposedExample.app; sourceTree = BUILT_PRODUCTS_DIR; };
		86B2B354242A9E3200E91192 /* AppDelegate.swift */ = {isa = PBXFileReference; lastKnownFileType = sourcecode.swift; path = AppDelegate.swift; sourceTree = "<group>"; };
		86B2B356242A9E3200E91192 /* SceneDelegate.swift */ = {isa = PBXFileReference; lastKnownFileType = sourcecode.swift; path = SceneDelegate.swift; sourceTree = "<group>"; };
		86B2B35D242A9E3400E91192 /* Assets.xcassets */ = {isa = PBXFileReference; lastKnownFileType = folder.assetcatalog; path = Assets.xcassets; sourceTree = "<group>"; };
		86B2B360242A9E3400E91192 /* Base */ = {isa = PBXFileReference; lastKnownFileType = file.storyboard; name = Base; path = Base.lproj/LaunchScreen.storyboard; sourceTree = "<group>"; };
		86B2B362242A9E3400E91192 /* Info.plist */ = {isa = PBXFileReference; lastKnownFileType = text.plist.xml; path = Info.plist; sourceTree = "<group>"; };
		86B2B36D242AA10700E91192 /* ComposedCollectionViewDataSource.swift */ = {isa = PBXFileReference; lastKnownFileType = sourcecode.swift; path = ComposedCollectionViewDataSource.swift; sourceTree = "<group>"; };
		86B2B36F242AA12900E91192 /* ComposableCollectionViewDataSource.swift */ = {isa = PBXFileReference; lastKnownFileType = sourcecode.swift; path = ComposableCollectionViewDataSource.swift; sourceTree = "<group>"; };
/* End PBXFileReference section */

/* Begin PBXFrameworksBuildPhase section */
		86B2B331242A9DC300E91192 /* Frameworks */ = {
			isa = PBXFrameworksBuildPhase;
			buildActionMask = 2147483647;
			files = (
			);
			runOnlyForDeploymentPostprocessing = 0;
		};
		86B2B33A242A9DC400E91192 /* Frameworks */ = {
			isa = PBXFrameworksBuildPhase;
			buildActionMask = 2147483647;
			files = (
				86B2B33E242A9DC400E91192 /* Composed.framework in Frameworks */,
			);
			runOnlyForDeploymentPostprocessing = 0;
		};
		86B2B34F242A9E3200E91192 /* Frameworks */ = {
			isa = PBXFrameworksBuildPhase;
			buildActionMask = 2147483647;
			files = (
			);
			runOnlyForDeploymentPostprocessing = 0;
		};
/* End PBXFrameworksBuildPhase section */

/* Begin PBXGroup section */
		866D21052433AC7C00DBB9A5 /* ComposedTableViewController */ = {
			isa = PBXGroup;
			children = (
				866D21112433B10D00DBB9A5 /* DataSources */,
				866D210A2433AE9900DBB9A5 /* Cells */,
				866D21062433ACD800DBB9A5 /* ComposedTableViewController.swift */,
				866D21072433ACD800DBB9A5 /* ComposedTableViewController.xib */,
			);
			path = ComposedTableViewController;
			sourceTree = "<group>";
		};
		866D210A2433AE9900DBB9A5 /* Cells */ = {
			isa = PBXGroup;
			children = (
				866D210B2433AF7A00DBB9A5 /* ProductTableViewCell */,
				866D210C2433AF9000DBB9A5 /* CategoryTableViewCell */,
			);
			path = Cells;
			sourceTree = "<group>";
		};
		866D210B2433AF7A00DBB9A5 /* ProductTableViewCell */ = {
			isa = PBXGroup;
			children = (
				866D211C2433BCDE00DBB9A5 /* Product.swift */,
				866D21182433BCC000DBB9A5 /* ProductTableViewCell.swift */,
				866D21192433BCC000DBB9A5 /* ProductTableViewCell.xib */,
			);
			path = ProductTableViewCell;
			sourceTree = "<group>";
		};
		866D210C2433AF9000DBB9A5 /* CategoryTableViewCell */ = {
			isa = PBXGroup;
			children = (
				866D210D2433AFC800DBB9A5 /* CategoryTableViewCell.swift */,
				866D210E2433AFC800DBB9A5 /* CategoryTableViewCell.xib */,
			);
			path = CategoryTableViewCell;
			sourceTree = "<group>";
		};
		866D21112433B10D00DBB9A5 /* DataSources */ = {
			isa = PBXGroup;
			children = (
				866D21132433B13C00DBB9A5 /* CategoryTableViewComposableDataSource.swift */,
				866D211E2433C03B00DBB9A5 /* ProductsTableViewComposableDataSource.swift */,
			);
			path = DataSources;
			sourceTree = "<group>";
		};
		866D21152433B1EA00DBB9A5 /* Extensions */ = {
			isa = PBXGroup;
			children = (
				866D21162433B20A00DBB9A5 /* UITableView+Ex.swift */,
			);
			path = Extensions;
			sourceTree = "<group>";
		};
		8686C24B24326C91005CF5C3 /* Core */ = {
			isa = PBXGroup;
			children = (
				8686C24C24326CA8005CF5C3 /* ComposableDataSource.swift */,
				8686C24E24326D24005CF5C3 /* Decomposer.swift */,
			);
			path = Core;
			sourceTree = "<group>";
		};
		86B2B32A242A9DC300E91192 = {
			isa = PBXGroup;
			children = (
				86B2B336242A9DC300E91192 /* Composed */,
				86B2B341242A9DC400E91192 /* ComposedTests */,
				86B2B353242A9E3200E91192 /* ComposedExample */,
				86B2B335242A9DC300E91192 /* Products */,
			);
			sourceTree = "<group>";
		};
		86B2B335242A9DC300E91192 /* Products */ = {
			isa = PBXGroup;
			children = (
				86B2B334242A9DC300E91192 /* Composed.framework */,
				86B2B33D242A9DC400E91192 /* ComposedTests.xctest */,
				86B2B352242A9E3200E91192 /* ComposedExample.app */,
			);
			name = Products;
			sourceTree = "<group>";
		};
		86B2B336242A9DC300E91192 /* Composed */ = {
			isa = PBXGroup;
			children = (
				86B2B368242AA06900E91192 /* Composed */,
				866D21152433B1EA00DBB9A5 /* Extensions */,
				86B2B337242A9DC300E91192 /* Composed.h */,
				86B2B338242A9DC300E91192 /* Info.plist */,
			);
			path = Composed;
			sourceTree = "<group>";
		};
		86B2B341242A9DC400E91192 /* ComposedTests */ = {
			isa = PBXGroup;
			children = (
				86B2B342242A9DC400E91192 /* ComposedTests.swift */,
				86B2B344242A9DC400E91192 /* Info.plist */,
			);
			path = ComposedTests;
			sourceTree = "<group>";
		};
		86B2B353242A9E3200E91192 /* ComposedExample */ = {
			isa = PBXGroup;
			children = (
				866D21052433AC7C00DBB9A5 /* ComposedTableViewController */,
				86B2B35D242A9E3400E91192 /* Assets.xcassets */,
				86B2B354242A9E3200E91192 /* AppDelegate.swift */,
				86B2B356242A9E3200E91192 /* SceneDelegate.swift */,
				86B2B35F242A9E3400E91192 /* LaunchScreen.storyboard */,
				86B2B362242A9E3400E91192 /* Info.plist */,
			);
			path = ComposedExample;
			sourceTree = "<group>";
		};
		86B2B368242AA06900E91192 /* Composed */ = {
			isa = PBXGroup;
			children = (
				8686C24B24326C91005CF5C3 /* Core */,
				86B2B36C242AA0E000E91192 /* ComposedCollectionViewDataSource */,
				86B2B369242AA08C00E91192 /* ComposedTableViewDataSource */,
			);
			path = Composed;
			sourceTree = "<group>";
		};
		86B2B369242AA08C00E91192 /* ComposedTableViewDataSource */ = {
			isa = PBXGroup;
			children = (
				8686C25024327861005CF5C3 /* ComposedTableViewDataSource.swift */,
				8686C25224328F18005CF5C3 /* ComposedTableViewDataSource+UITableViewDataSource.swift */,
				868EA5A6244340D300ED3C87 /* ComposedTableViewDataSource+UITableViewDelegate.swift */,
			);
			path = ComposedTableViewDataSource;
			sourceTree = "<group>";
		};
		86B2B36C242AA0E000E91192 /* ComposedCollectionViewDataSource */ = {
			isa = PBXGroup;
			children = (
				86B2B36D242AA10700E91192 /* ComposedCollectionViewDataSource.swift */,
				86B2B36F242AA12900E91192 /* ComposableCollectionViewDataSource.swift */,
			);
			path = ComposedCollectionViewDataSource;
			sourceTree = "<group>";
		};
/* End PBXGroup section */

/* Begin PBXHeadersBuildPhase section */
		86B2B32F242A9DC300E91192 /* Headers */ = {
			isa = PBXHeadersBuildPhase;
			buildActionMask = 2147483647;
			files = (
				86B2B345242A9DC400E91192 /* Composed.h in Headers */,
			);
			runOnlyForDeploymentPostprocessing = 0;
		};
/* End PBXHeadersBuildPhase section */

/* Begin PBXNativeTarget section */
		86B2B333242A9DC300E91192 /* Composed */ = {
			isa = PBXNativeTarget;
			buildConfigurationList = 86B2B348242A9DC400E91192 /* Build configuration list for PBXNativeTarget "Composed" */;
			buildPhases = (
				86B2B32F242A9DC300E91192 /* Headers */,
				86B2B330242A9DC300E91192 /* Sources */,
				86B2B331242A9DC300E91192 /* Frameworks */,
				86B2B332242A9DC300E91192 /* Resources */,
			);
			buildRules = (
			);
			dependencies = (
			);
			name = Composed;
			productName = Composed;
			productReference = 86B2B334242A9DC300E91192 /* Composed.framework */;
			productType = "com.apple.product-type.framework";
		};
		86B2B33C242A9DC400E91192 /* ComposedTests */ = {
			isa = PBXNativeTarget;
			buildConfigurationList = 86B2B34B242A9DC400E91192 /* Build configuration list for PBXNativeTarget "ComposedTests" */;
			buildPhases = (
				86B2B339242A9DC400E91192 /* Sources */,
				86B2B33A242A9DC400E91192 /* Frameworks */,
				86B2B33B242A9DC400E91192 /* Resources */,
			);
			buildRules = (
			);
			dependencies = (
				86B2B340242A9DC400E91192 /* PBXTargetDependency */,
			);
			name = ComposedTests;
			productName = ComposedTests;
			productReference = 86B2B33D242A9DC400E91192 /* ComposedTests.xctest */;
			productType = "com.apple.product-type.bundle.unit-test";
		};
		86B2B351242A9E3200E91192 /* ComposedExample */ = {
			isa = PBXNativeTarget;
			buildConfigurationList = 86B2B365242A9E3400E91192 /* Build configuration list for PBXNativeTarget "ComposedExample" */;
			buildPhases = (
				86B2B34E242A9E3200E91192 /* Sources */,
				86B2B34F242A9E3200E91192 /* Frameworks */,
				86B2B350242A9E3200E91192 /* Resources */,
			);
			buildRules = (
			);
			dependencies = (
			);
			name = ComposedExample;
			productName = ComposedExample;
			productReference = 86B2B352242A9E3200E91192 /* ComposedExample.app */;
			productType = "com.apple.product-type.application";
		};
/* End PBXNativeTarget section */

/* Begin PBXProject section */
		86B2B32B242A9DC300E91192 /* Project object */ = {
			isa = PBXProject;
			attributes = {
				LastSwiftUpdateCheck = 1130;
				LastUpgradeCheck = 1130;
				ORGANIZATIONNAME = farllight;
				TargetAttributes = {
					86B2B333242A9DC300E91192 = {
						CreatedOnToolsVersion = 11.3.1;
						LastSwiftMigration = 1130;
					};
					86B2B33C242A9DC400E91192 = {
						CreatedOnToolsVersion = 11.3.1;
					};
					86B2B351242A9E3200E91192 = {
						CreatedOnToolsVersion = 11.3.1;
					};
				};
			};
			buildConfigurationList = 86B2B32E242A9DC300E91192 /* Build configuration list for PBXProject "Composed" */;
			compatibilityVersion = "Xcode 9.3";
			developmentRegion = en;
			hasScannedForEncodings = 0;
			knownRegions = (
				en,
				Base,
			);
			mainGroup = 86B2B32A242A9DC300E91192;
			productRefGroup = 86B2B335242A9DC300E91192 /* Products */;
			projectDirPath = "";
			projectRoot = "";
			targets = (
				86B2B333242A9DC300E91192 /* Composed */,
				86B2B33C242A9DC400E91192 /* ComposedTests */,
				86B2B351242A9E3200E91192 /* ComposedExample */,
			);
		};
/* End PBXProject section */

/* Begin PBXResourcesBuildPhase section */
		86B2B332242A9DC300E91192 /* Resources */ = {
			isa = PBXResourcesBuildPhase;
			buildActionMask = 2147483647;
			files = (
			);
			runOnlyForDeploymentPostprocessing = 0;
		};
		86B2B33B242A9DC400E91192 /* Resources */ = {
			isa = PBXResourcesBuildPhase;
			buildActionMask = 2147483647;
			files = (
			);
			runOnlyForDeploymentPostprocessing = 0;
		};
		86B2B350242A9E3200E91192 /* Resources */ = {
			isa = PBXResourcesBuildPhase;
			buildActionMask = 2147483647;
			files = (
				86B2B361242A9E3400E91192 /* LaunchScreen.storyboard in Resources */,
				86B2B35E242A9E3400E91192 /* Assets.xcassets in Resources */,
				866D211B2433BCC000DBB9A5 /* ProductTableViewCell.xib in Resources */,
				866D21092433ACD800DBB9A5 /* ComposedTableViewController.xib in Resources */,
				866D21102433AFC800DBB9A5 /* CategoryTableViewCell.xib in Resources */,
			);
			runOnlyForDeploymentPostprocessing = 0;
		};
/* End PBXResourcesBuildPhase section */

/* Begin PBXSourcesBuildPhase section */
		86B2B330242A9DC300E91192 /* Sources */ = {
			isa = PBXSourcesBuildPhase;
			buildActionMask = 2147483647;
			files = (
				8686C25124327861005CF5C3 /* ComposedTableViewDataSource.swift in Sources */,
				8686C25324328F18005CF5C3 /* ComposedTableViewDataSource+UITableViewDataSource.swift in Sources */,
				866D21172433B20A00DBB9A5 /* UITableView+Ex.swift in Sources */,
				8686C24F24326D24005CF5C3 /* Decomposer.swift in Sources */,
				86B2B36E242AA10700E91192 /* ComposedCollectionViewDataSource.swift in Sources */,
				8686C24D24326CA8005CF5C3 /* ComposableDataSource.swift in Sources */,
				86B2B370242AA12900E91192 /* ComposableCollectionViewDataSource.swift in Sources */,
				868EA5A7244340D300ED3C87 /* ComposedTableViewDataSource+UITableViewDelegate.swift in Sources */,
			);
			runOnlyForDeploymentPostprocessing = 0;
		};
		86B2B339242A9DC400E91192 /* Sources */ = {
			isa = PBXSourcesBuildPhase;
			buildActionMask = 2147483647;
			files = (
				86B2B343242A9DC400E91192 /* ComposedTests.swift in Sources */,
			);
			runOnlyForDeploymentPostprocessing = 0;
		};
		86B2B34E242A9E3200E91192 /* Sources */ = {
			isa = PBXSourcesBuildPhase;
			buildActionMask = 2147483647;
			files = (
				86B2B355242A9E3200E91192 /* AppDelegate.swift in Sources */,
				866D21082433ACD800DBB9A5 /* ComposedTableViewController.swift in Sources */,
				86B2B357242A9E3200E91192 /* SceneDelegate.swift in Sources */,
				866D21142433B13C00DBB9A5 /* CategoryTableViewComposableDataSource.swift in Sources */,
				866D210F2433AFC800DBB9A5 /* CategoryTableViewCell.swift in Sources */,
				866D211F2433C03B00DBB9A5 /* ProductsTableViewComposableDataSource.swift in Sources */,
				866D211A2433BCC000DBB9A5 /* ProductTableViewCell.swift in Sources */,
				866D211D2433BCDE00DBB9A5 /* Product.swift in Sources */,
			);
			runOnlyForDeploymentPostprocessing = 0;
		};
/* End PBXSourcesBuildPhase section */

/* Begin PBXTargetDependency section */
		86B2B340242A9DC400E91192 /* PBXTargetDependency */ = {
			isa = PBXTargetDependency;
			target = 86B2B333242A9DC300E91192 /* Composed */;
			targetProxy = 86B2B33F242A9DC400E91192 /* PBXContainerItemProxy */;
		};
/* End PBXTargetDependency section */

/* Begin PBXVariantGroup section */
		86B2B35F242A9E3400E91192 /* LaunchScreen.storyboard */ = {
			isa = PBXVariantGroup;
			children = (
				86B2B360242A9E3400E91192 /* Base */,
			);
			name = LaunchScreen.storyboard;
			sourceTree = "<group>";
		};
/* End PBXVariantGroup section */

/* Begin XCBuildConfiguration section */
		86B2B346242A9DC400E91192 /* Debug */ = {
			isa = XCBuildConfiguration;
			buildSettings = {
				ALWAYS_SEARCH_USER_PATHS = NO;
				CLANG_ANALYZER_NONNULL = YES;
				CLANG_ANALYZER_NUMBER_OBJECT_CONVERSION = YES_AGGRESSIVE;
				CLANG_CXX_LANGUAGE_STANDARD = "gnu++14";
				CLANG_CXX_LIBRARY = "libc++";
				CLANG_ENABLE_MODULES = YES;
				CLANG_ENABLE_OBJC_ARC = YES;
				CLANG_ENABLE_OBJC_WEAK = YES;
				CLANG_WARN_BLOCK_CAPTURE_AUTORELEASING = YES;
				CLANG_WARN_BOOL_CONVERSION = YES;
				CLANG_WARN_COMMA = YES;
				CLANG_WARN_CONSTANT_CONVERSION = YES;
				CLANG_WARN_DEPRECATED_OBJC_IMPLEMENTATIONS = YES;
				CLANG_WARN_DIRECT_OBJC_ISA_USAGE = YES_ERROR;
				CLANG_WARN_DOCUMENTATION_COMMENTS = YES;
				CLANG_WARN_EMPTY_BODY = YES;
				CLANG_WARN_ENUM_CONVERSION = YES;
				CLANG_WARN_INFINITE_RECURSION = YES;
				CLANG_WARN_INT_CONVERSION = YES;
				CLANG_WARN_NON_LITERAL_NULL_CONVERSION = YES;
				CLANG_WARN_OBJC_IMPLICIT_RETAIN_SELF = YES;
				CLANG_WARN_OBJC_LITERAL_CONVERSION = YES;
				CLANG_WARN_OBJC_ROOT_CLASS = YES_ERROR;
				CLANG_WARN_RANGE_LOOP_ANALYSIS = YES;
				CLANG_WARN_STRICT_PROTOTYPES = YES;
				CLANG_WARN_SUSPICIOUS_MOVE = YES;
				CLANG_WARN_UNGUARDED_AVAILABILITY = YES_AGGRESSIVE;
				CLANG_WARN_UNREACHABLE_CODE = YES;
				CLANG_WARN__DUPLICATE_METHOD_MATCH = YES;
				COPY_PHASE_STRIP = NO;
				CURRENT_PROJECT_VERSION = 1;
				DEBUG_INFORMATION_FORMAT = dwarf;
				ENABLE_STRICT_OBJC_MSGSEND = YES;
				ENABLE_TESTABILITY = YES;
				GCC_C_LANGUAGE_STANDARD = gnu11;
				GCC_DYNAMIC_NO_PIC = NO;
				GCC_NO_COMMON_BLOCKS = YES;
				GCC_OPTIMIZATION_LEVEL = 0;
				GCC_PREPROCESSOR_DEFINITIONS = (
					"DEBUG=1",
					"$(inherited)",
				);
				GCC_WARN_64_TO_32_BIT_CONVERSION = YES;
				GCC_WARN_ABOUT_RETURN_TYPE = YES_ERROR;
				GCC_WARN_UNDECLARED_SELECTOR = YES;
				GCC_WARN_UNINITIALIZED_AUTOS = YES_AGGRESSIVE;
				GCC_WARN_UNUSED_FUNCTION = YES;
				GCC_WARN_UNUSED_VARIABLE = YES;
				IPHONEOS_DEPLOYMENT_TARGET = 13.2;
				MTL_ENABLE_DEBUG_INFO = INCLUDE_SOURCE;
				MTL_FAST_MATH = YES;
				ONLY_ACTIVE_ARCH = YES;
				SDKROOT = iphoneos;
				SWIFT_ACTIVE_COMPILATION_CONDITIONS = DEBUG;
				SWIFT_OPTIMIZATION_LEVEL = "-Onone";
				VERSIONING_SYSTEM = "apple-generic";
				VERSION_INFO_PREFIX = "";
			};
			name = Debug;
		};
		86B2B347242A9DC400E91192 /* Release */ = {
			isa = XCBuildConfiguration;
			buildSettings = {
				ALWAYS_SEARCH_USER_PATHS = NO;
				CLANG_ANALYZER_NONNULL = YES;
				CLANG_ANALYZER_NUMBER_OBJECT_CONVERSION = YES_AGGRESSIVE;
				CLANG_CXX_LANGUAGE_STANDARD = "gnu++14";
				CLANG_CXX_LIBRARY = "libc++";
				CLANG_ENABLE_MODULES = YES;
				CLANG_ENABLE_OBJC_ARC = YES;
				CLANG_ENABLE_OBJC_WEAK = YES;
				CLANG_WARN_BLOCK_CAPTURE_AUTORELEASING = YES;
				CLANG_WARN_BOOL_CONVERSION = YES;
				CLANG_WARN_COMMA = YES;
				CLANG_WARN_CONSTANT_CONVERSION = YES;
				CLANG_WARN_DEPRECATED_OBJC_IMPLEMENTATIONS = YES;
				CLANG_WARN_DIRECT_OBJC_ISA_USAGE = YES_ERROR;
				CLANG_WARN_DOCUMENTATION_COMMENTS = YES;
				CLANG_WARN_EMPTY_BODY = YES;
				CLANG_WARN_ENUM_CONVERSION = YES;
				CLANG_WARN_INFINITE_RECURSION = YES;
				CLANG_WARN_INT_CONVERSION = YES;
				CLANG_WARN_NON_LITERAL_NULL_CONVERSION = YES;
				CLANG_WARN_OBJC_IMPLICIT_RETAIN_SELF = YES;
				CLANG_WARN_OBJC_LITERAL_CONVERSION = YES;
				CLANG_WARN_OBJC_ROOT_CLASS = YES_ERROR;
				CLANG_WARN_RANGE_LOOP_ANALYSIS = YES;
				CLANG_WARN_STRICT_PROTOTYPES = YES;
				CLANG_WARN_SUSPICIOUS_MOVE = YES;
				CLANG_WARN_UNGUARDED_AVAILABILITY = YES_AGGRESSIVE;
				CLANG_WARN_UNREACHABLE_CODE = YES;
				CLANG_WARN__DUPLICATE_METHOD_MATCH = YES;
				COPY_PHASE_STRIP = NO;
				CURRENT_PROJECT_VERSION = 1;
				DEBUG_INFORMATION_FORMAT = "dwarf-with-dsym";
				ENABLE_NS_ASSERTIONS = NO;
				ENABLE_STRICT_OBJC_MSGSEND = YES;
				GCC_C_LANGUAGE_STANDARD = gnu11;
				GCC_NO_COMMON_BLOCKS = YES;
				GCC_WARN_64_TO_32_BIT_CONVERSION = YES;
				GCC_WARN_ABOUT_RETURN_TYPE = YES_ERROR;
				GCC_WARN_UNDECLARED_SELECTOR = YES;
				GCC_WARN_UNINITIALIZED_AUTOS = YES_AGGRESSIVE;
				GCC_WARN_UNUSED_FUNCTION = YES;
				GCC_WARN_UNUSED_VARIABLE = YES;
				IPHONEOS_DEPLOYMENT_TARGET = 13.2;
				MTL_ENABLE_DEBUG_INFO = NO;
				MTL_FAST_MATH = YES;
				SDKROOT = iphoneos;
				SWIFT_COMPILATION_MODE = wholemodule;
				SWIFT_OPTIMIZATION_LEVEL = "-O";
				VALIDATE_PRODUCT = YES;
				VERSIONING_SYSTEM = "apple-generic";
				VERSION_INFO_PREFIX = "";
			};
			name = Release;
		};
		86B2B349242A9DC400E91192 /* Debug */ = {
			isa = XCBuildConfiguration;
			buildSettings = {
				CLANG_ENABLE_MODULES = YES;
				CODE_SIGN_STYLE = Automatic;
				DEFINES_MODULE = YES;
				DEVELOPMENT_TEAM = LS94793B4U;
				DYLIB_COMPATIBILITY_VERSION = 1;
				DYLIB_CURRENT_VERSION = 1;
				DYLIB_INSTALL_NAME_BASE = "@rpath";
				INFOPLIST_FILE = Composed/Info.plist;
				INSTALL_PATH = "$(LOCAL_LIBRARY_DIR)/Frameworks";
				LD_RUNPATH_SEARCH_PATHS = (
					"$(inherited)",
					"@executable_path/Frameworks",
					"@loader_path/Frameworks",
				);
				PRODUCT_BUNDLE_IDENTIFIER = farllight.Composed;
				PRODUCT_NAME = "$(TARGET_NAME:c99extidentifier)";
				SKIP_INSTALL = YES;
				SWIFT_OPTIMIZATION_LEVEL = "-Onone";
				SWIFT_VERSION = 5.0;
				TARGETED_DEVICE_FAMILY = "1,2";
			};
			name = Debug;
		};
		86B2B34A242A9DC400E91192 /* Release */ = {
			isa = XCBuildConfiguration;
			buildSettings = {
				CLANG_ENABLE_MODULES = YES;
				CODE_SIGN_STYLE = Automatic;
				DEFINES_MODULE = YES;
				DEVELOPMENT_TEAM = LS94793B4U;
				DYLIB_COMPATIBILITY_VERSION = 1;
				DYLIB_CURRENT_VERSION = 1;
				DYLIB_INSTALL_NAME_BASE = "@rpath";
				INFOPLIST_FILE = Composed/Info.plist;
				INSTALL_PATH = "$(LOCAL_LIBRARY_DIR)/Frameworks";
				LD_RUNPATH_SEARCH_PATHS = (
					"$(inherited)",
					"@executable_path/Frameworks",
					"@loader_path/Frameworks",
				);
				PRODUCT_BUNDLE_IDENTIFIER = farllight.Composed;
				PRODUCT_NAME = "$(TARGET_NAME:c99extidentifier)";
				SKIP_INSTALL = YES;
				SWIFT_VERSION = 5.0;
				TARGETED_DEVICE_FAMILY = "1,2";
			};
			name = Release;
		};
		86B2B34C242A9DC400E91192 /* Debug */ = {
			isa = XCBuildConfiguration;
			buildSettings = {
				ALWAYS_EMBED_SWIFT_STANDARD_LIBRARIES = YES;
				CODE_SIGN_STYLE = Automatic;
				DEVELOPMENT_TEAM = LS94793B4U;
				INFOPLIST_FILE = ComposedTests/Info.plist;
				LD_RUNPATH_SEARCH_PATHS = (
					"$(inherited)",
					"@executable_path/Frameworks",
					"@loader_path/Frameworks",
				);
				PRODUCT_BUNDLE_IDENTIFIER = farllight.ComposedTests;
				PRODUCT_NAME = "$(TARGET_NAME)";
				SWIFT_VERSION = 5.0;
				TARGETED_DEVICE_FAMILY = "1,2";
			};
			name = Debug;
		};
		86B2B34D242A9DC400E91192 /* Release */ = {
			isa = XCBuildConfiguration;
			buildSettings = {
				ALWAYS_EMBED_SWIFT_STANDARD_LIBRARIES = YES;
				CODE_SIGN_STYLE = Automatic;
				DEVELOPMENT_TEAM = LS94793B4U;
				INFOPLIST_FILE = ComposedTests/Info.plist;
				LD_RUNPATH_SEARCH_PATHS = (
					"$(inherited)",
					"@executable_path/Frameworks",
					"@loader_path/Frameworks",
				);
				PRODUCT_BUNDLE_IDENTIFIER = farllight.ComposedTests;
				PRODUCT_NAME = "$(TARGET_NAME)";
				SWIFT_VERSION = 5.0;
				TARGETED_DEVICE_FAMILY = "1,2";
			};
			name = Release;
		};
		86B2B363242A9E3400E91192 /* Debug */ = {
			isa = XCBuildConfiguration;
			buildSettings = {
				ASSETCATALOG_COMPILER_APPICON_NAME = AppIcon;
				CODE_SIGN_STYLE = Automatic;
				DEVELOPMENT_TEAM = LS94793B4U;
				INFOPLIST_FILE = ComposedExample/Info.plist;
				LD_RUNPATH_SEARCH_PATHS = (
					"$(inherited)",
					"@executable_path/Frameworks",
				);
				PRODUCT_BUNDLE_IDENTIFIER = farllight.ComposedExample;
				PRODUCT_NAME = "$(TARGET_NAME)";
				SWIFT_VERSION = 5.0;
				TARGETED_DEVICE_FAMILY = "1,2";
			};
			name = Debug;
		};
		86B2B364242A9E3400E91192 /* Release */ = {
			isa = XCBuildConfiguration;
			buildSettings = {
				ASSETCATALOG_COMPILER_APPICON_NAME = AppIcon;
				CODE_SIGN_STYLE = Automatic;
				DEVELOPMENT_TEAM = LS94793B4U;
				INFOPLIST_FILE = ComposedExample/Info.plist;
				LD_RUNPATH_SEARCH_PATHS = (
					"$(inherited)",
					"@executable_path/Frameworks",
				);
				PRODUCT_BUNDLE_IDENTIFIER = farllight.ComposedExample;
				PRODUCT_NAME = "$(TARGET_NAME)";
				SWIFT_VERSION = 5.0;
				TARGETED_DEVICE_FAMILY = "1,2";
			};
			name = Release;
		};
/* End XCBuildConfiguration section */

/* Begin XCConfigurationList section */
		86B2B32E242A9DC300E91192 /* Build configuration list for PBXProject "Composed" */ = {
			isa = XCConfigurationList;
			buildConfigurations = (
				86B2B346242A9DC400E91192 /* Debug */,
				86B2B347242A9DC400E91192 /* Release */,
			);
			defaultConfigurationIsVisible = 0;
			defaultConfigurationName = Release;
		};
		86B2B348242A9DC400E91192 /* Build configuration list for PBXNativeTarget "Composed" */ = {
			isa = XCConfigurationList;
			buildConfigurations = (
				86B2B349242A9DC400E91192 /* Debug */,
				86B2B34A242A9DC400E91192 /* Release */,
			);
			defaultConfigurationIsVisible = 0;
			defaultConfigurationName = Release;
		};
		86B2B34B242A9DC400E91192 /* Build configuration list for PBXNativeTarget "ComposedTests" */ = {
			isa = XCConfigurationList;
			buildConfigurations = (
				86B2B34C242A9DC400E91192 /* Debug */,
				86B2B34D242A9DC400E91192 /* Release */,
			);
			defaultConfigurationIsVisible = 0;
			defaultConfigurationName = Release;
		};
		86B2B365242A9E3400E91192 /* Build configuration list for PBXNativeTarget "ComposedExample" */ = {
			isa = XCConfigurationList;
			buildConfigurations = (
				86B2B363242A9E3400E91192 /* Debug */,
				86B2B364242A9E3400E91192 /* Release */,
			);
			defaultConfigurationIsVisible = 0;
			defaultConfigurationName = Release;
		};
/* End XCConfigurationList section */
	};
	rootObject = 86B2B32B242A9DC300E91192 /* Project object */;
}
